{
    "_meta": {
        "hash": {
            "sha256": "16ce68f075ca36641bacf764eb52e4100965f5247850f6d365ffe705489a18ef"
        },
        "requires": {},
        "sources": [
            {
                "url": "https://pypi.python.org/simple",
                "verify_ssl": true
            }
        ]
    },
    "default": {
        "certifi": {
            "version": "==2017.4.17"
        },
        "chardet": {
            "version": "==3.0.4"
        },
        "dj-database-url": {
            "version": "==0.4.2"
        },
        "django": {
            "version": "==1.8.4"
        },
        "django-cors-headers": {
            "version": "==2.1.0"
        },
        "django-extensions": {
            "version": "==1.5.6"
        },
        "django-pdb": {
            "version": "==0.4.2"
        },
        "django-tastypie": {
            "version": "==0.13.3"
        },
        "gunicorn": {
            "version": "==19.7.1"
        },
        "heroku": {
            "version": "==0.1.4"
        },
        "idna": {
            "version": "==2.5"
        },
        "oauthlib": {
            "version": "==2.0.2"
        },
        "psycopg2": {
            "version": "==2.7.1"
        },
        "pyjwt": {
            "version": "==1.5.2"
        },
        "python-dateutil": {
            "version": "==2.6.0"
        },
        "python-mimeparse": {
            "version": "==1.6.0"
        },
        "python-openid": {
            "version": "==2.2.5"
        },
        "python-social-auth": {
            "version": "==0.2.12"
        },
        "requests": {
            "version": "==2.7.0"
        },
        "requests-oauthlib": {
            "version": "==0.5.0"
        },
        "six": {
            "version": "==1.10.0"
        },
        "urllib3": {
            "version": "==1.21.1"
        }
    },
    "develop": {}
}
